
Microsoft Visual Studio Solution File, Format Version 12.00
# Visual Studio 14
VisualStudioVersion = 14.0.25420.1
MinimumVisualStudioVersion = 10.0.40219.1
Project("{FAE04EC0-301F-11D3-BF4B-00C04F79EFBC}") = "SeleniumRecorderPOC", "SeleniumRecorderPOC\SeleniumRecorderPOC.csproj", "{33CF56EE-C9BD-450F-A8F2-C0C80793F96D}"
EndProject
Project("{FAE04EC0-301F-11D3-BF4B-00C04F79EFBC}") = "Microsoft.Xrm.UITests.Api", "Microsoft.Xrm.UITests.Api\Microsoft.Xrm.UITests.Api.csproj", "{A140EA9C-1EF2-4562-89C5-BCA92761CF83}"
EndProject
Project("{FAE04EC0-301F-11D3-BF4B-00C04F79EFBC}") = "Microsoft.Xrm.UITests.Tests", "Microsoft.Xrm.UITests.Tests\Microsoft.Xrm.UITests.Tests.csproj", "{1ECE10ED-8A55-4CFC-BA0D-19C7C269D1F3}"
EndProject
Project("{FAE04EC0-301F-11D3-BF4B-00C04F79EFBC}") = "Microsoft.Dynamics365.QualityTools.DataPopulation", "Microsoft.Dynamics365.QualityTools.DataPopulation\Microsoft.Dynamics365.QualityTools.DataPopulation.csproj", "{6DCB672D-15A9-474B-B6FA-51BB939DFC14}"
EndProject
Global
	GlobalSection(SolutionConfigurationPlatforms) = preSolution
		Debug|Any CPU = Debug|Any CPU
		Release|Any CPU = Release|Any CPU
	EndGlobalSection
	GlobalSection(ProjectConfigurationPlatforms) = postSolution
		{33CF56EE-C9BD-450F-A8F2-C0C80793F96D}.Debug|Any CPU.ActiveCfg = Debug|Any CPU
		{33CF56EE-C9BD-450F-A8F2-C0C80793F96D}.Debug|Any CPU.Build.0 = Debug|Any CPU
		{33CF56EE-C9BD-450F-A8F2-C0C80793F96D}.Release|Any CPU.ActiveCfg = Release|Any CPU
		{33CF56EE-C9BD-450F-A8F2-C0C80793F96D}.Release|Any CPU.Build.0 = Release|Any CPU
		{A140EA9C-1EF2-4562-89C5-BCA92761CF83}.Debug|Any CPU.ActiveCfg = Debug|Any CPU
		{A140EA9C-1EF2-4562-89C5-BCA92761CF83}.Debug|Any CPU.Build.0 = Debug|Any CPU
		{A140EA9C-1EF2-4562-89C5-BCA92761CF83}.Release|Any CPU.ActiveCfg = Release|Any CPU
		{A140EA9C-1EF2-4562-89C5-BCA92761CF83}.Release|Any CPU.Build.0 = Release|Any CPU
		{1ECE10ED-8A55-4CFC-BA0D-19C7C269D1F3}.Debug|Any CPU.ActiveCfg = Debug|Any CPU
		{1ECE10ED-8A55-4CFC-BA0D-19C7C269D1F3}.Debug|Any CPU.Build.0 = Debug|Any CPU
		{1ECE10ED-8A55-4CFC-BA0D-19C7C269D1F3}.Release|Any CPU.ActiveCfg = Release|Any CPU
		{1ECE10ED-8A55-4CFC-BA0D-19C7C269D1F3}.Release|Any CPU.Build.0 = Release|Any CPU
		{6DCB672D-15A9-474B-B6FA-51BB939DFC14}.Debug|Any CPU.ActiveCfg = Debug|Any CPU
		{6DCB672D-15A9-474B-B6FA-51BB939DFC14}.Debug|Any CPU.Build.0 = Debug|Any CPU
		{6DCB672D-15A9-474B-B6FA-51BB939DFC14}.Release|Any CPU.ActiveCfg = Release|Any CPU
		{6DCB672D-15A9-474B-B6FA-51BB939DFC14}.Release|Any CPU.Build.0 = Release|Any CPU
	EndGlobalSection
	GlobalSection(SolutionProperties) = preSolution
		HideSolutionNode = FALSE
	EndGlobalSection
EndGlobal
